
Microsoft Visual Studio Solution File, Format Version 10.00
# Visual Studio 2008
Project("{8BC9CEB8-8B4A-11D0-8D11-00A0C91BC942}") = "5_29GuessMultiply", "5_29GuessMultiply.vcproj", "{DF4771B5-17A5-444E-9F6C-C444C15E2B99}"
EndProject
Global
	GlobalSection(SolutionConfigurationPlatforms) = preSolution
		Debug|Win32 = Debug|Win32
		Release|Win32 = Release|Win32
	EndGlobalSection
	GlobalSection(ProjectConfigurationPlatforms) = postSolution
		{DF4771B5-17A5-444E-9F6C-C444C15E2B99}.Debug|Win32.ActiveCfg = Debug|Win32
		{DF4771B5-17A5-444E-9F6C-C444C15E2B99}.Debug|Win32.Build.0 = Debug|Win32
		{DF4771B5-17A5-444E-9F6C-C444C15E2B99}.Release|Win32.ActiveCfg = Release|Win32
		{DF4771B5-17A5-444E-9F6C-C444C15E2B99}.Release|Win32.Build.0 = Release|Win32
	EndGlobalSection
	GlobalSection(SolutionProperties) = preSolution
		HideSolutionNode = FALSE
	EndGlobalSection
EndGlobal
